
Microsoft Visual Studio Solution File, Format Version 12.00
# Visual Studio Version 16
VisualStudioVersion = 16.0.810.25
MinimumVisualStudioVersion = 10.0.40219.1
Project("{FAE04EC0-301F-11D3-BF4B-00C04F79EFBC}") = "guessing", "guessing\guessing.csproj", "{2ED63A8A-7D5A-4B45-9179-30034180FEB9}"
EndProject
Global
	GlobalSection(SolutionConfigurationPlatforms) = preSolution
		Debug|Any CPU = Debug|Any CPU
		Release|Any CPU = Release|Any CPU
	EndGlobalSection
	GlobalSection(ProjectConfigurationPlatforms) = postSolution
		{2ED63A8A-7D5A-4B45-9179-30034180FEB9}.Debug|Any CPU.ActiveCfg = Debug|Any CPU
		{2ED63A8A-7D5A-4B45-9179-30034180FEB9}.Debug|Any CPU.Build.0 = Debug|Any CPU
		{2ED63A8A-7D5A-4B45-9179-30034180FEB9}.Release|Any CPU.ActiveCfg = Release|Any CPU
		{2ED63A8A-7D5A-4B45-9179-30034180FEB9}.Release|Any CPU.Build.0 = Release|Any CPU
	EndGlobalSection
	GlobalSection(SolutionProperties) = preSolution
		HideSolutionNode = FALSE
	EndGlobalSection
	GlobalSection(ExtensibilityGlobals) = postSolution
		SolutionGuid = {3FB38050-75FA-4109-A996-F205183A7DF2}
	EndGlobalSection
EndGlobal
